{
    "_meta": {
        "hash": {
            "sha256": "179efb8f4d9bdd848d85191f466daaeabab9ba0773848c5834f2ce07a4736efd"
        },
        "pipfile-spec": 6,
        "requires": {
            "python_version": "3.7"
        },
        "sources": [
            {
                "name": "pypi",
                "url": "https://pypi.org/simple",
                "verify_ssl": true
            }
        ]
    },
    "default": {
        "imutils": {
            "hashes": [
                "sha256:1d2bdf373e3e6cfbdc113d4e91547d3add3774d8722c8d4f225fa39586fb8076"
            ],
            "index": "pypi",
            "version": "==0.5.2"
        },
        "numpy": {
            "hashes": [
                "sha256:1980f8d84548d74921685f68096911585fee393975f53797614b34d4f409b6da",
                "sha256:22752cd809272671b273bb86df0f505f505a12368a3a5fc0aa811c7ece4dfd5c",
                "sha256:23cc40313036cffd5d1873ef3ce2e949bdee0646c5d6f375bf7ee4f368db2511",
                "sha256:2b0b118ff547fecabc247a2668f48f48b3b1f7d63676ebc5be7352a5fd9e85a5",
                "sha256:3a0bd1edf64f6a911427b608a894111f9fcdb25284f724016f34a84c9a3a6ea9",
                "sha256:3f25f6c7b0d000017e5ac55977a3999b0b1a74491eacb3c1aa716f0e01f6dcd1",
                "sha256:4061c79ac2230594a7419151028e808239450e676c39e58302ad296232e3c2e8",
                "sha256:560ceaa24f971ab37dede7ba030fc5d8fa173305d94365f814d9523ffd5d5916",
                "sha256:62be044cd58da2a947b7e7b2252a10b42920df9520fc3d39f5c4c70d5460b8ba",
                "sha256:6c692e3879dde0b67a9dc78f9bfb6f61c666b4562fd8619632d7043fb5b691b0",
                "sha256:6f65e37b5a331df950ef6ff03bd4136b3c0bbcf44d4b8e99135d68a537711b5a",
                "sha256:7a78cc4ddb253a55971115f8320a7ce28fd23a065fc33166d601f51760eecfa9",
                "sha256:80a41edf64a3626e729a62df7dd278474fc1726836552b67a8c6396fd7e86760",
                "sha256:893f4d75255f25a7b8516feb5766c6b63c54780323b9bd4bc51cdd7efc943c73",
                "sha256:972ea92f9c1b54cc1c1a3d8508e326c0114aaf0f34996772a30f3f52b73b942f",
                "sha256:9f1d4865436f794accdabadc57a8395bd3faa755449b4f65b88b7df65ae05f89",
                "sha256:9f4cd7832b35e736b739be03b55875706c8c3e5fe334a06210f1a61e5c2c8ca5",
                "sha256:adab43bf657488300d3aeeb8030d7f024fcc86e3a9b8848741ea2ea903e56610",
                "sha256:bd2834d496ba9b1bdda3a6cf3de4dc0d4a0e7be306335940402ec95132ad063d",
                "sha256:d20c0360940f30003a23c0adae2fe50a0a04f3e48dc05c298493b51fd6280197",
                "sha256:d3b3ed87061d2314ff3659bb73896e622252da52558f2380f12c421fbdee3d89",
                "sha256:dc235bf29a406dfda5790d01b998a1c01d7d37f449128c0b1b7d1c89a84fae8b",
                "sha256:fb3c83554f39f48f3fa3123b9c24aecf681b1c289f9334f8215c1d3c8e2f6e5b"
            ],
            "index": "pypi",
            "version": "==1.16.2"
        },
        "opencv-python": {
            "hashes": [
                "sha256:01505b131dc35f60e99a5da98b77156e37f872ae0ff5596e5e68d526bb572d3c",
                "sha256:0478a1037505ddde312806c960a5e8958d2cf7a2885e8f2f5dde74c4028e0b04",
                "sha256:17810b89f9ef8e8537e75332acf533e619e26ccadbf1b73f24bf338f2d327ddd",
                "sha256:19ad2ea9fb32946761b47b9d6eed51876a8329da127f27788263fecd66651ba0",
                "sha256:1a250edb739baf3e7c25d99a2ee252aac4f59a97e0bee39237eaa490fd0281d3",
                "sha256:3505468970448f66cd776cb9e179570c87988f94b5cf9bcbc4c2d88bd88bbdf1",
                "sha256:4e04a91da157885359f487534433340b2d709927559c80acf62c28167e59be02",
                "sha256:5a49cffcdec5e37217672579c3343565926d999642844efa9c6a031ed5f32318",
                "sha256:604b2ce3d4a86480ced0813da7fba269b4605ad9fea26cd2144d8077928d4b49",
                "sha256:61cbb8fa9565a0480c46028599431ad8f19181a7fac8070a700515fd54cd7377",
                "sha256:62d7c6e511c9454f099616315c695d02a584048e1affe034b39160db7a2ae34d",
                "sha256:6555272dd9efd412d17cdc1a4f4c2da5753c099d95d9ff01aca54bb9782fb5cf",
                "sha256:67d994c6b2b14cb9239e85dc7dfa6c08ef7cf6eb4def80c0af6141dfacc8cbb9",
                "sha256:68c9cbe538666c4667523821cc56caee49389bea06bae4c0fc2cd68bd264226a",
                "sha256:822ad8f628a9498f569c57d30865f5ef9ee17824cee0a1d456211f742028c135",
                "sha256:82d972429eb4fee22c1dc4204af2a2e981f010e5e4f66daea2a6c68381b79184",
                "sha256:9128924f5b58269ee221b8cf2d736f31bd3bb0391b92ee8504caadd68c8176a2",
                "sha256:9172cf8270572c494d8b2ae12ef87c0f6eed9d132927e614099f76843b0c91d7",
                "sha256:952bce4d30a8287b17721ddaad7f115dab268efee8576249ddfede80ec2ce404",
                "sha256:a8147718e70b1f170a3d26518e992160137365a4db0ed82a9efd3040f9f660d4",
                "sha256:bfdb636a3796ff223460ea0fcfda906b3b54f4bef22ae433a5b67e66fab00b25",
                "sha256:c9c3f27867153634e1083390920067008ebaaab78aeb09c4e0274e69746cb2c8",
                "sha256:d69be21973d450a4662ae6bd1b3df6b1af030e448d7276380b0d1adf7c8c2ae6",
                "sha256:db1479636812a6579a3753b72a6fefaa73190f32bf7b19e483f8bc750cebe1a5",
                "sha256:db8313d755962a7dd61e5c22a651e0743208adfdb255c6ec8904ce9cb02940c6",
                "sha256:e4625a6b032e7797958aeb630d6e3e91e3896d285020aae612e6d7b342d6dfea",
                "sha256:e8397a26966a1290836a52c34b362aabc65a422b9ffabcbbdec1862f023ccab8"
            ],
            "index": "pypi",
            "version": "==4.1.1.26"
        }
    },
    "develop": {}
}
